
Microsoft Visual Studio Solution File, Format Version 12.00
# Visual Studio Version 16
VisualStudioVersion = 16.0.31025.194
MinimumVisualStudioVersion = 10.0.40219.1
Project("{FAE04EC0-301F-11D3-BF4B-00C04F79EFBC}") = "DataAccessLayer", "DataAccessLayer\DataAccessLayer.csproj", "{57CB68BC-2F23-4356-9406-26E204D23FF1}"
EndProject
Project("{FAE04EC0-301F-11D3-BF4B-00C04F79EFBC}") = "BusinessLogicLayer", "BusinessLogicLayer\BusinessLogicLayer.csproj", "{9320E207-3119-47CC-97AD-5BA81D8AAB7F}"
EndProject
Project("{FAE04EC0-301F-11D3-BF4B-00C04F79EFBC}") = "UI Layer", "UI Layer\UI Layer.csproj", "{567F54BB-DCA8-404F-96B5-14D1423E4225}"
EndProject
Global
	GlobalSection(SolutionConfigurationPlatforms) = preSolution
		Debug|Any CPU = Debug|Any CPU
		Release|Any CPU = Release|Any CPU
	EndGlobalSection
	GlobalSection(ProjectConfigurationPlatforms) = postSolution
		{57CB68BC-2F23-4356-9406-26E204D23FF1}.Debug|Any CPU.ActiveCfg = Debug|Any CPU
		{57CB68BC-2F23-4356-9406-26E204D23FF1}.Debug|Any CPU.Build.0 = Debug|Any CPU
		{57CB68BC-2F23-4356-9406-26E204D23FF1}.Release|Any CPU.ActiveCfg = Release|Any CPU
		{57CB68BC-2F23-4356-9406-26E204D23FF1}.Release|Any CPU.Build.0 = Release|Any CPU
		{9320E207-3119-47CC-97AD-5BA81D8AAB7F}.Debug|Any CPU.ActiveCfg = Debug|Any CPU
		{9320E207-3119-47CC-97AD-5BA81D8AAB7F}.Debug|Any CPU.Build.0 = Debug|Any CPU
		{9320E207-3119-47CC-97AD-5BA81D8AAB7F}.Release|Any CPU.ActiveCfg = Release|Any CPU
		{9320E207-3119-47CC-97AD-5BA81D8AAB7F}.Release|Any CPU.Build.0 = Release|Any CPU
		{567F54BB-DCA8-404F-96B5-14D1423E4225}.Debug|Any CPU.ActiveCfg = Debug|Any CPU
		{567F54BB-DCA8-404F-96B5-14D1423E4225}.Debug|Any CPU.Build.0 = Debug|Any CPU
		{567F54BB-DCA8-404F-96B5-14D1423E4225}.Release|Any CPU.ActiveCfg = Release|Any CPU
		{567F54BB-DCA8-404F-96B5-14D1423E4225}.Release|Any CPU.Build.0 = Release|Any CPU
	EndGlobalSection
	GlobalSection(SolutionProperties) = preSolution
		HideSolutionNode = FALSE
	EndGlobalSection
	GlobalSection(ExtensibilityGlobals) = postSolution
		SolutionGuid = {EE0A6E65-D3DB-4385-BFCC-553818DD3FB0}
	EndGlobalSection
EndGlobal
