
Microsoft Visual Studio Solution File, Format Version 12.00
# Visual Studio Version 16
VisualStudioVersion = 16.0.30907.101
MinimumVisualStudioVersion = 10.0.40219.1
Project("{9A19103F-16F7-4668-BE54-9A1E7A4F7556}") = "Task1", "Task1\Task1.csproj", "{B62FD7F8-7E74-4B4A-B605-876F9998E2D4}"
EndProject
Project("{FAE04EC0-301F-11D3-BF4B-00C04F79EFBC}") = "Ball", "Ball\Ball.csproj", "{6CCDA39D-FD56-4AFA-804D-BCCC3CEDF57F}"
EndProject
Project("{FAE04EC0-301F-11D3-BF4B-00C04F79EFBC}") = "Micky", "Micky\Micky.csproj", "{9B049B8C-C631-4D37-B700-0EF24FCEE388}"
EndProject
Project("{FAE04EC0-301F-11D3-BF4B-00C04F79EFBC}") = "Paint", "Paint\Paint.csproj", "{EC3DB4BE-A181-47C1-BFFC-81D30444A665}"
EndProject
Project("{FAE04EC0-301F-11D3-BF4B-00C04F79EFBC}") = "Drag-Drop", "Drag-Drop\Drag-Drop.csproj", "{8F718935-7D59-4812-B881-DA62B4DEC617}"
EndProject
Global
	GlobalSection(SolutionConfigurationPlatforms) = preSolution
		Debug|Any CPU = Debug|Any CPU
		Release|Any CPU = Release|Any CPU
	EndGlobalSection
	GlobalSection(ProjectConfigurationPlatforms) = postSolution
		{B62FD7F8-7E74-4B4A-B605-876F9998E2D4}.Debug|Any CPU.ActiveCfg = Debug|Any CPU
		{B62FD7F8-7E74-4B4A-B605-876F9998E2D4}.Debug|Any CPU.Build.0 = Debug|Any CPU
		{B62FD7F8-7E74-4B4A-B605-876F9998E2D4}.Release|Any CPU.ActiveCfg = Release|Any CPU
		{B62FD7F8-7E74-4B4A-B605-876F9998E2D4}.Release|Any CPU.Build.0 = Release|Any CPU
		{6CCDA39D-FD56-4AFA-804D-BCCC3CEDF57F}.Debug|Any CPU.ActiveCfg = Debug|Any CPU
		{6CCDA39D-FD56-4AFA-804D-BCCC3CEDF57F}.Debug|Any CPU.Build.0 = Debug|Any CPU
		{6CCDA39D-FD56-4AFA-804D-BCCC3CEDF57F}.Release|Any CPU.ActiveCfg = Release|Any CPU
		{6CCDA39D-FD56-4AFA-804D-BCCC3CEDF57F}.Release|Any CPU.Build.0 = Release|Any CPU
		{9B049B8C-C631-4D37-B700-0EF24FCEE388}.Debug|Any CPU.ActiveCfg = Debug|Any CPU
		{9B049B8C-C631-4D37-B700-0EF24FCEE388}.Debug|Any CPU.Build.0 = Debug|Any CPU
		{9B049B8C-C631-4D37-B700-0EF24FCEE388}.Release|Any CPU.ActiveCfg = Release|Any CPU
		{9B049B8C-C631-4D37-B700-0EF24FCEE388}.Release|Any CPU.Build.0 = Release|Any CPU
		{EC3DB4BE-A181-47C1-BFFC-81D30444A665}.Debug|Any CPU.ActiveCfg = Debug|Any CPU
		{EC3DB4BE-A181-47C1-BFFC-81D30444A665}.Debug|Any CPU.Build.0 = Debug|Any CPU
		{EC3DB4BE-A181-47C1-BFFC-81D30444A665}.Release|Any CPU.ActiveCfg = Release|Any CPU
		{EC3DB4BE-A181-47C1-BFFC-81D30444A665}.Release|Any CPU.Build.0 = Release|Any CPU
		{8F718935-7D59-4812-B881-DA62B4DEC617}.Debug|Any CPU.ActiveCfg = Debug|Any CPU
		{8F718935-7D59-4812-B881-DA62B4DEC617}.Debug|Any CPU.Build.0 = Debug|Any CPU
		{8F718935-7D59-4812-B881-DA62B4DEC617}.Release|Any CPU.ActiveCfg = Release|Any CPU
		{8F718935-7D59-4812-B881-DA62B4DEC617}.Release|Any CPU.Build.0 = Release|Any CPU
	EndGlobalSection
	GlobalSection(SolutionProperties) = preSolution
		HideSolutionNode = FALSE
	EndGlobalSection
	GlobalSection(ExtensibilityGlobals) = postSolution
		SolutionGuid = {BA29CCE6-7110-495B-9503-AD21792E622F}
	EndGlobalSection
EndGlobal
